
Microsoft Visual Studio Solution File, Format Version 12.00
# Visual Studio Version 16
VisualStudioVersion = 16.0.30114.105
MinimumVisualStudioVersion = 10.0.40219.1
Project("{9A19103F-16F7-4668-BE54-9A1E7A4F7556}") = "CoffeeMachineSimulator.UI", "CoffeeMachineSimulator.UI\CoffeeMachineSimulator.UI.csproj", "{B858C88F-1CDB-41C4-837F-D3BFD38CEAC1}"
EndProject
Project("{9A19103F-16F7-4668-BE54-9A1E7A4F7556}") = "CoffeeMachineSimulator.Sender", "CoffeeMachineSimulator.Sender\CoffeeMachineSimulator.Sender.csproj", "{E894DC46-7579-4F34-8406-9B48906B019F}"
EndProject
Project("{9A19103F-16F7-4668-BE54-9A1E7A4F7556}") = "CoffeeMachineSimulator.Services", "CoffeeMachineSimulator.Services\CoffeeMachineSimulator.Services.csproj", "{61457569-D8D8-4E33-9072-DB63DADE2131}"
EndProject
Project("{9A19103F-16F7-4668-BE54-9A1E7A4F7556}") = "CoffeeMachineSimulator.Tests", "CoffeeMachineSimulator.Tests\CoffeeMachineSimulator.Tests.csproj", "{A41C6C52-9EB7-4012-A030-6DC4F87D9C55}"
EndProject
Project("{9A19103F-16F7-4668-BE54-9A1E7A4F7556}") = "CoffeeMachineSimulator.Data", "CoffeeMachineSimulator.Data\CoffeeMachineSimulator.Data.csproj", "{C2CE9160-64D3-401E-A8AD-8AF6970B3A8E}"
EndProject
Project("{FAE04EC0-301F-11D3-BF4B-00C04F79EFBC}") = "CoffeeMachineSimulator.Receiver", "CoffeeMachineSimulator.Receiver\CoffeeMachineSimulator.Receiver.csproj", "{24E74EE0-FEC5-4299-B457-CD3A4651BF83}"
EndProject
Project("{FAE04EC0-301F-11D3-BF4B-00C04F79EFBC}") = "CoffeeMachineSimulator.API", "CoffeeMachineSimulator.API\CoffeeMachineSimulator.API.csproj", "{E47025E0-F384-4A9E-90E9-1E4DBEB39B0A}"
EndProject
Global
	GlobalSection(SolutionConfigurationPlatforms) = preSolution
		Debug|Any CPU = Debug|Any CPU
		Release|Any CPU = Release|Any CPU
	EndGlobalSection
	GlobalSection(ProjectConfigurationPlatforms) = postSolution
		{B858C88F-1CDB-41C4-837F-D3BFD38CEAC1}.Debug|Any CPU.ActiveCfg = Debug|Any CPU
		{B858C88F-1CDB-41C4-837F-D3BFD38CEAC1}.Debug|Any CPU.Build.0 = Debug|Any CPU
		{B858C88F-1CDB-41C4-837F-D3BFD38CEAC1}.Release|Any CPU.ActiveCfg = Release|Any CPU
		{B858C88F-1CDB-41C4-837F-D3BFD38CEAC1}.Release|Any CPU.Build.0 = Release|Any CPU
		{E894DC46-7579-4F34-8406-9B48906B019F}.Debug|Any CPU.ActiveCfg = Debug|Any CPU
		{E894DC46-7579-4F34-8406-9B48906B019F}.Debug|Any CPU.Build.0 = Debug|Any CPU
		{E894DC46-7579-4F34-8406-9B48906B019F}.Release|Any CPU.ActiveCfg = Release|Any CPU
		{E894DC46-7579-4F34-8406-9B48906B019F}.Release|Any CPU.Build.0 = Release|Any CPU
		{61457569-D8D8-4E33-9072-DB63DADE2131}.Debug|Any CPU.ActiveCfg = Debug|Any CPU
		{61457569-D8D8-4E33-9072-DB63DADE2131}.Debug|Any CPU.Build.0 = Debug|Any CPU
		{61457569-D8D8-4E33-9072-DB63DADE2131}.Release|Any CPU.ActiveCfg = Release|Any CPU
		{61457569-D8D8-4E33-9072-DB63DADE2131}.Release|Any CPU.Build.0 = Release|Any CPU
		{A41C6C52-9EB7-4012-A030-6DC4F87D9C55}.Debug|Any CPU.ActiveCfg = Debug|Any CPU
		{A41C6C52-9EB7-4012-A030-6DC4F87D9C55}.Debug|Any CPU.Build.0 = Debug|Any CPU
		{A41C6C52-9EB7-4012-A030-6DC4F87D9C55}.Release|Any CPU.ActiveCfg = Release|Any CPU
		{A41C6C52-9EB7-4012-A030-6DC4F87D9C55}.Release|Any CPU.Build.0 = Release|Any CPU
		{C2CE9160-64D3-401E-A8AD-8AF6970B3A8E}.Debug|Any CPU.ActiveCfg = Debug|Any CPU
		{C2CE9160-64D3-401E-A8AD-8AF6970B3A8E}.Debug|Any CPU.Build.0 = Debug|Any CPU
		{C2CE9160-64D3-401E-A8AD-8AF6970B3A8E}.Release|Any CPU.ActiveCfg = Release|Any CPU
		{C2CE9160-64D3-401E-A8AD-8AF6970B3A8E}.Release|Any CPU.Build.0 = Release|Any CPU
		{24E74EE0-FEC5-4299-B457-CD3A4651BF83}.Debug|Any CPU.ActiveCfg = Debug|Any CPU
		{24E74EE0-FEC5-4299-B457-CD3A4651BF83}.Debug|Any CPU.Build.0 = Debug|Any CPU
		{24E74EE0-FEC5-4299-B457-CD3A4651BF83}.Release|Any CPU.ActiveCfg = Release|Any CPU
		{24E74EE0-FEC5-4299-B457-CD3A4651BF83}.Release|Any CPU.Build.0 = Release|Any CPU
		{E47025E0-F384-4A9E-90E9-1E4DBEB39B0A}.Debug|Any CPU.ActiveCfg = Debug|Any CPU
		{E47025E0-F384-4A9E-90E9-1E4DBEB39B0A}.Debug|Any CPU.Build.0 = Debug|Any CPU
		{E47025E0-F384-4A9E-90E9-1E4DBEB39B0A}.Release|Any CPU.ActiveCfg = Release|Any CPU
		{E47025E0-F384-4A9E-90E9-1E4DBEB39B0A}.Release|Any CPU.Build.0 = Release|Any CPU
	EndGlobalSection
	GlobalSection(SolutionProperties) = preSolution
		HideSolutionNode = FALSE
	EndGlobalSection
	GlobalSection(ExtensibilityGlobals) = postSolution
		SolutionGuid = {84F0E437-E496-451E-8E0A-D4E54E0E653A}
	EndGlobalSection
EndGlobal
